
Microsoft Visual Studio Solution File, Format Version 12.00
# Visual Studio Version 16
VisualStudioVersion = 16.0.30114.105
MinimumVisualStudioVersion = 10.0.40219.1
Project("{F2A71F9B-5D33-465A-A702-920D77279786}") = "Fs.Lib", "Fs.Lib\Fs.Lib.fsproj", "{7CC68285-FDBA-433C-9A5D-0B70C957CF48}"
EndProject
Project("{FAE04EC0-301F-11D3-BF4B-00C04F79EFBC}") = "Cs.Lib", "Cs.Lib\Cs.Lib.csproj", "{AB1EA49C-7343-4A39-B864-9368990F538C}"
EndProject
Project("{F2A71F9B-5D33-465A-A702-920D77279786}") = "Fs.Ext", "Fs.Ext\Fs.Ext.fsproj", "{9C46EAA4-50AD-4D67-9B0A-6ED3986D92BC}"
EndProject
Project("{F2A71F9B-5D33-465A-A702-920D77279786}") = "Fs.Web", "Fs.Web\Fs.Web.fsproj", "{B963EEF3-819C-422E-ACD0-64A96B39B52B}"
EndProject
Project("{FAE04EC0-301F-11D3-BF4B-00C04F79EFBC}") = "Cs.Web", "Cs.Web\Cs.Web.csproj", "{3AB4FE10-2233-4636-92E5-D1F8785F1658}"
EndProject
Project("{F2A71F9B-5D33-465A-A702-920D77279786}") = "Fs.Spa", "Fs.Spa\Fs.Spa.fsproj", "{2E105C76-B186-4D39-A4DB-A7A91EED5030}"
EndProject
Project("{FAE04EC0-301F-11D3-BF4B-00C04F79EFBC}") = "Cs.Spa", "Cs.Spa\Cs.Spa.csproj", "{B1D6C234-879D-4DB2-BBA0-3E69F22CF800}"
EndProject
Project("{F2A71F9B-5D33-465A-A702-920D77279786}") = "Fs.Html", "Fs.Html\Fs.Html.fsproj", "{25C97FF4-58A4-4E75-91C8-1760227F5202}"
EndProject
Project("{FAE04EC0-301F-11D3-BF4B-00C04F79EFBC}") = "Cs.Html", "Cs.Html\Cs.Html.csproj", "{6B8A74EE-D28F-4AB0-A6C9-BA51BAF6FBA6}"
EndProject
Project("{F2A71F9B-5D33-465A-A702-920D77279786}") = "Fs.Min", "Fs.Min\Fs.Min.fsproj", "{2D7A40B1-280A-4559-9E8A-C882EBF098B2}"
EndProject
Project("{FAE04EC0-301F-11D3-BF4B-00C04F79EFBC}") = "Cs.Min", "Cs.Min\Cs.Min.csproj", "{1AFD31E4-250D-4499-BA59-57A41B0FEC32}"
EndProject
Project("{F2A71F9B-5D33-465A-A702-920D77279786}") = "Fs.Prx", "Fs.Prx\Fs.Prx.fsproj", "{51044532-8BAA-479D-80A6-482BC419B665}"
EndProject
Project("{FAE04EC0-301F-11D3-BF4B-00C04F79EFBC}") = "Cs.Prx", "Cs.Prx\Cs.Prx.csproj", "{70604A00-96BE-4D3D-9330-9AFDB784C404}"
EndProject
Global
	GlobalSection(SolutionConfigurationPlatforms) = preSolution
		Debug|Any CPU = Debug|Any CPU
		Release|Any CPU = Release|Any CPU
	EndGlobalSection
	GlobalSection(SolutionProperties) = preSolution
		HideSolutionNode = FALSE
	EndGlobalSection
	GlobalSection(ProjectConfigurationPlatforms) = postSolution
		{7CC68285-FDBA-433C-9A5D-0B70C957CF48}.Debug|Any CPU.ActiveCfg = Debug|Any CPU
		{7CC68285-FDBA-433C-9A5D-0B70C957CF48}.Debug|Any CPU.Build.0 = Debug|Any CPU
		{7CC68285-FDBA-433C-9A5D-0B70C957CF48}.Release|Any CPU.ActiveCfg = Release|Any CPU
		{7CC68285-FDBA-433C-9A5D-0B70C957CF48}.Release|Any CPU.Build.0 = Release|Any CPU
		{AB1EA49C-7343-4A39-B864-9368990F538C}.Debug|Any CPU.ActiveCfg = Debug|Any CPU
		{AB1EA49C-7343-4A39-B864-9368990F538C}.Debug|Any CPU.Build.0 = Debug|Any CPU
		{AB1EA49C-7343-4A39-B864-9368990F538C}.Release|Any CPU.ActiveCfg = Release|Any CPU
		{AB1EA49C-7343-4A39-B864-9368990F538C}.Release|Any CPU.Build.0 = Release|Any CPU
		{9C46EAA4-50AD-4D67-9B0A-6ED3986D92BC}.Debug|Any CPU.ActiveCfg = Debug|Any CPU
		{9C46EAA4-50AD-4D67-9B0A-6ED3986D92BC}.Debug|Any CPU.Build.0 = Debug|Any CPU
		{9C46EAA4-50AD-4D67-9B0A-6ED3986D92BC}.Release|Any CPU.ActiveCfg = Release|Any CPU
		{9C46EAA4-50AD-4D67-9B0A-6ED3986D92BC}.Release|Any CPU.Build.0 = Release|Any CPU
		{B963EEF3-819C-422E-ACD0-64A96B39B52B}.Debug|Any CPU.ActiveCfg = Debug|Any CPU
		{B963EEF3-819C-422E-ACD0-64A96B39B52B}.Debug|Any CPU.Build.0 = Debug|Any CPU
		{B963EEF3-819C-422E-ACD0-64A96B39B52B}.Release|Any CPU.ActiveCfg = Release|Any CPU
		{B963EEF3-819C-422E-ACD0-64A96B39B52B}.Release|Any CPU.Build.0 = Release|Any CPU
		{3AB4FE10-2233-4636-92E5-D1F8785F1658}.Debug|Any CPU.ActiveCfg = Debug|Any CPU
		{3AB4FE10-2233-4636-92E5-D1F8785F1658}.Debug|Any CPU.Build.0 = Debug|Any CPU
		{3AB4FE10-2233-4636-92E5-D1F8785F1658}.Release|Any CPU.ActiveCfg = Release|Any CPU
		{3AB4FE10-2233-4636-92E5-D1F8785F1658}.Release|Any CPU.Build.0 = Release|Any CPU
		{2E105C76-B186-4D39-A4DB-A7A91EED5030}.Debug|Any CPU.ActiveCfg = Debug|Any CPU
		{2E105C76-B186-4D39-A4DB-A7A91EED5030}.Debug|Any CPU.Build.0 = Debug|Any CPU
		{2E105C76-B186-4D39-A4DB-A7A91EED5030}.Release|Any CPU.ActiveCfg = Release|Any CPU
		{2E105C76-B186-4D39-A4DB-A7A91EED5030}.Release|Any CPU.Build.0 = Release|Any CPU
		{B1D6C234-879D-4DB2-BBA0-3E69F22CF800}.Debug|Any CPU.ActiveCfg = Debug|Any CPU
		{B1D6C234-879D-4DB2-BBA0-3E69F22CF800}.Debug|Any CPU.Build.0 = Debug|Any CPU
		{B1D6C234-879D-4DB2-BBA0-3E69F22CF800}.Release|Any CPU.ActiveCfg = Release|Any CPU
		{B1D6C234-879D-4DB2-BBA0-3E69F22CF800}.Release|Any CPU.Build.0 = Release|Any CPU
		{25C97FF4-58A4-4E75-91C8-1760227F5202}.Debug|Any CPU.ActiveCfg = Debug|Any CPU
		{25C97FF4-58A4-4E75-91C8-1760227F5202}.Debug|Any CPU.Build.0 = Debug|Any CPU
		{25C97FF4-58A4-4E75-91C8-1760227F5202}.Release|Any CPU.ActiveCfg = Release|Any CPU
		{25C97FF4-58A4-4E75-91C8-1760227F5202}.Release|Any CPU.Build.0 = Release|Any CPU
		{6B8A74EE-D28F-4AB0-A6C9-BA51BAF6FBA6}.Debug|Any CPU.ActiveCfg = Debug|Any CPU
		{6B8A74EE-D28F-4AB0-A6C9-BA51BAF6FBA6}.Debug|Any CPU.Build.0 = Debug|Any CPU
		{6B8A74EE-D28F-4AB0-A6C9-BA51BAF6FBA6}.Release|Any CPU.ActiveCfg = Release|Any CPU
		{6B8A74EE-D28F-4AB0-A6C9-BA51BAF6FBA6}.Release|Any CPU.Build.0 = Release|Any CPU
		{2D7A40B1-280A-4559-9E8A-C882EBF098B2}.Debug|Any CPU.ActiveCfg = Debug|Any CPU
		{2D7A40B1-280A-4559-9E8A-C882EBF098B2}.Debug|Any CPU.Build.0 = Debug|Any CPU
		{2D7A40B1-280A-4559-9E8A-C882EBF098B2}.Release|Any CPU.ActiveCfg = Release|Any CPU
		{2D7A40B1-280A-4559-9E8A-C882EBF098B2}.Release|Any CPU.Build.0 = Release|Any CPU
		{1AFD31E4-250D-4499-BA59-57A41B0FEC32}.Debug|Any CPU.ActiveCfg = Debug|Any CPU
		{1AFD31E4-250D-4499-BA59-57A41B0FEC32}.Debug|Any CPU.Build.0 = Debug|Any CPU
		{1AFD31E4-250D-4499-BA59-57A41B0FEC32}.Release|Any CPU.ActiveCfg = Release|Any CPU
		{1AFD31E4-250D-4499-BA59-57A41B0FEC32}.Release|Any CPU.Build.0 = Release|Any CPU
		{51044532-8BAA-479D-80A6-482BC419B665}.Debug|Any CPU.ActiveCfg = Debug|Any CPU
		{51044532-8BAA-479D-80A6-482BC419B665}.Debug|Any CPU.Build.0 = Debug|Any CPU
		{51044532-8BAA-479D-80A6-482BC419B665}.Release|Any CPU.ActiveCfg = Release|Any CPU
		{51044532-8BAA-479D-80A6-482BC419B665}.Release|Any CPU.Build.0 = Release|Any CPU
		{70604A00-96BE-4D3D-9330-9AFDB784C404}.Debug|Any CPU.ActiveCfg = Debug|Any CPU
		{70604A00-96BE-4D3D-9330-9AFDB784C404}.Debug|Any CPU.Build.0 = Debug|Any CPU
		{70604A00-96BE-4D3D-9330-9AFDB784C404}.Release|Any CPU.ActiveCfg = Release|Any CPU
		{70604A00-96BE-4D3D-9330-9AFDB784C404}.Release|Any CPU.Build.0 = Release|Any CPU
	EndGlobalSection
EndGlobal
